
Microsoft Visual Studio Solution File, Format Version 12.00
Project("{2150E333-8FDC-42A3-9474-1A3956D46DE8}") = "server", "server", "{324FCF06-E4DE-40B2-AEC1-E626284FFDB1}"
EndProject
Project("{2150E333-8FDC-42A3-9474-1A3956D46DE8}") = "src", "src", "{D4120FAC-D150-4006-82BE-4E9D36C7AC1D}"
EndProject
Project("{2150E333-8FDC-42A3-9474-1A3956D46DE8}") = "tests", "tests", "{73A28A5B-B3A1-4EDC-BFCE-EFADC44E580A}"
EndProject
Project("{FAE04EC0-301F-11D3-BF4B-00C04F79EFBC}") = "Fiona.Hosting.Tests", "server\tests\Fiona.Hosting.Tests\Fiona.Hosting.Tests.csproj", "{227CDD79-5873-461C-BD9E-F4322109BC95}"
EndProject
Project("{2150E333-8FDC-42A3-9474-1A3956D46DE8}") = "sample", "sample", "{290B1B16-4896-4DF9-875D-1FBB1B21410D}"
EndProject
Project("{FAE04EC0-301F-11D3-BF4B-00C04F79EFBC}") = "SampleFionaServer", "server\sample\SampleFionaServer\SampleFionaServer.csproj", "{25E76CBF-7113-496D-AB56-DAA0DE8F2AC3}"
EndProject
Project("{FAE04EC0-301F-11D3-BF4B-00C04F79EFBC}") = "Fiona.Hosting.Abstractions", "server\src\Fiona.Hosting.Abstractions\Fiona.Hosting.Abstractions.csproj", "{54DFAC0F-91CF-4991-B52B-C3DEACF05838}"
EndProject
Project("{FAE04EC0-301F-11D3-BF4B-00C04F79EFBC}") = "Fiona.Hosting", "server\src\Fiona.Hosting\Fiona.Hosting.csproj", "{CC406124-43B9-42CD-87DE-F17DF3D14CE9}"
EndProject
Project("{FAE04EC0-301F-11D3-BF4B-00C04F79EFBC}") = "Fiona.Hosting.TestServer", "server\tests\Fiona.Hosting.TestServer\Fiona.Hosting.TestServer.csproj", "{F5D3F965-B5CA-415F-BD26-FC0608617EBE}"
EndProject
Project("{FAE04EC0-301F-11D3-BF4B-00C04F79EFBC}") = "Fiona.Hosting.StressTests", "server\tests\Fiona.Hosting.StressTests\Fiona.Hosting.StressTests.csproj", "{F80AFFE1-E4B6-4956-967F-09A34269AC6C}"
EndProject
Project("{2150E333-8FDC-42A3-9474-1A3956D46DE8}") = "ide", "ide", "{D59629DE-5F27-45CE-900A-B57751CF077C}"
EndProject
Project("{2150E333-8FDC-42A3-9474-1A3956D46DE8}") = "src", "src", "{9386A258-6F1D-4785-BD1B-0468D65DC3A6}"
EndProject
Project("{FAE04EC0-301F-11D3-BF4B-00C04F79EFBC}") = "Fiona.IDE", "ide\src\Fiona.IDE\Fiona.IDE.csproj", "{6B459C4D-3DDC-4AB1-9228-0A485B641E04}"
EndProject
Global
	GlobalSection(SolutionConfigurationPlatforms) = preSolution
		Debug|Any CPU = Debug|Any CPU
		Release|Any CPU = Release|Any CPU
	EndGlobalSection
	GlobalSection(ProjectConfigurationPlatforms) = postSolution
		{227CDD79-5873-461C-BD9E-F4322109BC95}.Debug|Any CPU.ActiveCfg = Debug|Any CPU
		{227CDD79-5873-461C-BD9E-F4322109BC95}.Debug|Any CPU.Build.0 = Debug|Any CPU
		{227CDD79-5873-461C-BD9E-F4322109BC95}.Release|Any CPU.ActiveCfg = Release|Any CPU
		{227CDD79-5873-461C-BD9E-F4322109BC95}.Release|Any CPU.Build.0 = Release|Any CPU
		{25E76CBF-7113-496D-AB56-DAA0DE8F2AC3}.Debug|Any CPU.ActiveCfg = Debug|Any CPU
		{25E76CBF-7113-496D-AB56-DAA0DE8F2AC3}.Debug|Any CPU.Build.0 = Debug|Any CPU
		{25E76CBF-7113-496D-AB56-DAA0DE8F2AC3}.Release|Any CPU.ActiveCfg = Release|Any CPU
		{25E76CBF-7113-496D-AB56-DAA0DE8F2AC3}.Release|Any CPU.Build.0 = Release|Any CPU
		{54DFAC0F-91CF-4991-B52B-C3DEACF05838}.Debug|Any CPU.ActiveCfg = Debug|Any CPU
		{54DFAC0F-91CF-4991-B52B-C3DEACF05838}.Debug|Any CPU.Build.0 = Debug|Any CPU
		{54DFAC0F-91CF-4991-B52B-C3DEACF05838}.Release|Any CPU.ActiveCfg = Release|Any CPU
		{54DFAC0F-91CF-4991-B52B-C3DEACF05838}.Release|Any CPU.Build.0 = Release|Any CPU
		{CC406124-43B9-42CD-87DE-F17DF3D14CE9}.Debug|Any CPU.ActiveCfg = Debug|Any CPU
		{CC406124-43B9-42CD-87DE-F17DF3D14CE9}.Debug|Any CPU.Build.0 = Debug|Any CPU
		{CC406124-43B9-42CD-87DE-F17DF3D14CE9}.Release|Any CPU.ActiveCfg = Release|Any CPU
		{CC406124-43B9-42CD-87DE-F17DF3D14CE9}.Release|Any CPU.Build.0 = Release|Any CPU
		{F5D3F965-B5CA-415F-BD26-FC0608617EBE}.Debug|Any CPU.ActiveCfg = Debug|Any CPU
		{F5D3F965-B5CA-415F-BD26-FC0608617EBE}.Debug|Any CPU.Build.0 = Debug|Any CPU
		{F5D3F965-B5CA-415F-BD26-FC0608617EBE}.Release|Any CPU.ActiveCfg = Release|Any CPU
		{F5D3F965-B5CA-415F-BD26-FC0608617EBE}.Release|Any CPU.Build.0 = Release|Any CPU
		{F80AFFE1-E4B6-4956-967F-09A34269AC6C}.Debug|Any CPU.ActiveCfg = Debug|Any CPU
		{F80AFFE1-E4B6-4956-967F-09A34269AC6C}.Debug|Any CPU.Build.0 = Debug|Any CPU
		{F80AFFE1-E4B6-4956-967F-09A34269AC6C}.Release|Any CPU.ActiveCfg = Release|Any CPU
		{F80AFFE1-E4B6-4956-967F-09A34269AC6C}.Release|Any CPU.Build.0 = Release|Any CPU
		{6B459C4D-3DDC-4AB1-9228-0A485B641E04}.Debug|Any CPU.ActiveCfg = Debug|Any CPU
		{6B459C4D-3DDC-4AB1-9228-0A485B641E04}.Debug|Any CPU.Build.0 = Debug|Any CPU
		{6B459C4D-3DDC-4AB1-9228-0A485B641E04}.Release|Any CPU.ActiveCfg = Release|Any CPU
		{6B459C4D-3DDC-4AB1-9228-0A485B641E04}.Release|Any CPU.Build.0 = Release|Any CPU
	EndGlobalSection
	GlobalSection(NestedProjects) = preSolution
		{D4120FAC-D150-4006-82BE-4E9D36C7AC1D} = {324FCF06-E4DE-40B2-AEC1-E626284FFDB1}
		{73A28A5B-B3A1-4EDC-BFCE-EFADC44E580A} = {324FCF06-E4DE-40B2-AEC1-E626284FFDB1}
		{227CDD79-5873-461C-BD9E-F4322109BC95} = {73A28A5B-B3A1-4EDC-BFCE-EFADC44E580A}
		{290B1B16-4896-4DF9-875D-1FBB1B21410D} = {324FCF06-E4DE-40B2-AEC1-E626284FFDB1}
		{25E76CBF-7113-496D-AB56-DAA0DE8F2AC3} = {290B1B16-4896-4DF9-875D-1FBB1B21410D}
		{54DFAC0F-91CF-4991-B52B-C3DEACF05838} = {D4120FAC-D150-4006-82BE-4E9D36C7AC1D}
		{CC406124-43B9-42CD-87DE-F17DF3D14CE9} = {D4120FAC-D150-4006-82BE-4E9D36C7AC1D}
		{F5D3F965-B5CA-415F-BD26-FC0608617EBE} = {73A28A5B-B3A1-4EDC-BFCE-EFADC44E580A}
		{F80AFFE1-E4B6-4956-967F-09A34269AC6C} = {73A28A5B-B3A1-4EDC-BFCE-EFADC44E580A}
		{9386A258-6F1D-4785-BD1B-0468D65DC3A6} = {D59629DE-5F27-45CE-900A-B57751CF077C}
		{6B459C4D-3DDC-4AB1-9228-0A485B641E04} = {9386A258-6F1D-4785-BD1B-0468D65DC3A6}
	EndGlobalSection
EndGlobal
